
Microsoft Visual Studio Solution File, Format Version 12.00
# Visual Studio Version 17
VisualStudioVersion = 17.13.35806.99 d17.13
MinimumVisualStudioVersion = 10.0.40219.1
Project("{FAE04EC0-301F-11D3-BF4B-00C04F79EFBC}") = "emergen-see-backend", "emergen-see-backend\emergen-see-backend.csproj", "{59D351F7-82BD-4B15-A34F-3D1FAC16F644}"
EndProject
Global
	GlobalSection(SolutionConfigurationPlatforms) = preSolution
		Debug|Any CPU = Debug|Any CPU
		Release|Any CPU = Release|Any CPU
	EndGlobalSection
	GlobalSection(ProjectConfigurationPlatforms) = postSolution
		{59D351F7-82BD-4B15-A34F-3D1FAC16F644}.Debug|Any CPU.ActiveCfg = Debug|Any CPU
		{59D351F7-82BD-4B15-A34F-3D1FAC16F644}.Debug|Any CPU.Build.0 = Debug|Any CPU
		{59D351F7-82BD-4B15-A34F-3D1FAC16F644}.Release|Any CPU.ActiveCfg = Release|Any CPU
		{59D351F7-82BD-4B15-A34F-3D1FAC16F644}.Release|Any CPU.Build.0 = Release|Any CPU
	EndGlobalSection
	GlobalSection(SolutionProperties) = preSolution
		HideSolutionNode = FALSE
	EndGlobalSection
	GlobalSection(ExtensibilityGlobals) = postSolution
		SolutionGuid = {8C31D6DD-ECF6-4C2A-9B82-BCA50FF03653}
	EndGlobalSection
EndGlobal
